
Microsoft Visual Studio Solution File, Format Version 12.00
# Visual Studio 15
VisualStudioVersion = 15.0.28307.1022
MinimumVisualStudioVersion = 10.0.40219.1
Project("{9A19103F-16F7-4668-BE54-9A1E7A4F7556}") = "BookLibrary", "Assignment1\BookLibrary.csproj", "{6AD568E5-F0CB-4B4B-A4B6-BDB7FF46DF68}"
EndProject
Project("{9A19103F-16F7-4668-BE54-9A1E7A4F7556}") = "BookLibraryTest", "BookLibraryTest\BookLibraryTest.csproj", "{2FE04CC1-ED10-4599-9485-A2CA7A362934}"
EndProject
Project("{FAE04EC0-301F-11D3-BF4B-00C04F79EFBC}") = "RestApiBook", "RestApiBook\RestApiBook.csproj", "{5997B76E-1705-49A0-843B-301FD72C1190}"
EndProject
Project("{FAE04EC0-301F-11D3-BF4B-00C04F79EFBC}") = "BookTcpServer", "BookTcpServer\BookTcpServer.csproj", "{F2A35E71-D7C3-43EA-9E0E-D198EBC96616}"
EndProject
Global
	GlobalSection(SolutionConfigurationPlatforms) = preSolution
		Debug|Any CPU = Debug|Any CPU
		Release|Any CPU = Release|Any CPU
	EndGlobalSection
	GlobalSection(ProjectConfigurationPlatforms) = postSolution
		{6AD568E5-F0CB-4B4B-A4B6-BDB7FF46DF68}.Debug|Any CPU.ActiveCfg = Debug|Any CPU
		{6AD568E5-F0CB-4B4B-A4B6-BDB7FF46DF68}.Debug|Any CPU.Build.0 = Debug|Any CPU
		{6AD568E5-F0CB-4B4B-A4B6-BDB7FF46DF68}.Release|Any CPU.ActiveCfg = Release|Any CPU
		{6AD568E5-F0CB-4B4B-A4B6-BDB7FF46DF68}.Release|Any CPU.Build.0 = Release|Any CPU
		{2FE04CC1-ED10-4599-9485-A2CA7A362934}.Debug|Any CPU.ActiveCfg = Debug|Any CPU
		{2FE04CC1-ED10-4599-9485-A2CA7A362934}.Debug|Any CPU.Build.0 = Debug|Any CPU
		{2FE04CC1-ED10-4599-9485-A2CA7A362934}.Release|Any CPU.ActiveCfg = Release|Any CPU
		{2FE04CC1-ED10-4599-9485-A2CA7A362934}.Release|Any CPU.Build.0 = Release|Any CPU
		{5997B76E-1705-49A0-843B-301FD72C1190}.Debug|Any CPU.ActiveCfg = Debug|Any CPU
		{5997B76E-1705-49A0-843B-301FD72C1190}.Debug|Any CPU.Build.0 = Debug|Any CPU
		{5997B76E-1705-49A0-843B-301FD72C1190}.Release|Any CPU.ActiveCfg = Release|Any CPU
		{5997B76E-1705-49A0-843B-301FD72C1190}.Release|Any CPU.Build.0 = Release|Any CPU
		{F2A35E71-D7C3-43EA-9E0E-D198EBC96616}.Debug|Any CPU.ActiveCfg = Debug|Any CPU
		{F2A35E71-D7C3-43EA-9E0E-D198EBC96616}.Debug|Any CPU.Build.0 = Debug|Any CPU
		{F2A35E71-D7C3-43EA-9E0E-D198EBC96616}.Release|Any CPU.ActiveCfg = Release|Any CPU
		{F2A35E71-D7C3-43EA-9E0E-D198EBC96616}.Release|Any CPU.Build.0 = Release|Any CPU
	EndGlobalSection
	GlobalSection(SolutionProperties) = preSolution
		HideSolutionNode = FALSE
	EndGlobalSection
	GlobalSection(ExtensibilityGlobals) = postSolution
		SolutionGuid = {1F74F4F9-F8A6-4C10-8326-60005EE53DDF}
	EndGlobalSection
EndGlobal
